
Microsoft Visual Studio Solution File, Format Version 12.00
# Visual Studio Version 17
VisualStudioVersion = 17.2.32616.157
MinimumVisualStudioVersion = 10.0.40219.1
Project("{9A19103F-16F7-4668-BE54-9A1E7A4F7556}") = "BasicETL.UI", "BasicETL\BasicETL.UI.csproj", "{035551DD-627E-463F-AD17-F2424455E1B9}"
EndProject
Project("{FAE04EC0-301F-11D3-BF4B-00C04F79EFBC}") = "BasicETL.Logic", "BasicETL.Logic\BasicETL.Logic.csproj", "{754EA6B6-C992-4FAA-9C02-193B438077E9}"
EndProject
Global
	GlobalSection(SolutionConfigurationPlatforms) = preSolution
		Debug|Any CPU = Debug|Any CPU
		Release|Any CPU = Release|Any CPU
	EndGlobalSection
	GlobalSection(ProjectConfigurationPlatforms) = postSolution
		{035551DD-627E-463F-AD17-F2424455E1B9}.Debug|Any CPU.ActiveCfg = Debug|Any CPU
		{035551DD-627E-463F-AD17-F2424455E1B9}.Debug|Any CPU.Build.0 = Debug|Any CPU
		{035551DD-627E-463F-AD17-F2424455E1B9}.Release|Any CPU.ActiveCfg = Release|Any CPU
		{035551DD-627E-463F-AD17-F2424455E1B9}.Release|Any CPU.Build.0 = Release|Any CPU
		{754EA6B6-C992-4FAA-9C02-193B438077E9}.Debug|Any CPU.ActiveCfg = Debug|Any CPU
		{754EA6B6-C992-4FAA-9C02-193B438077E9}.Debug|Any CPU.Build.0 = Debug|Any CPU
		{754EA6B6-C992-4FAA-9C02-193B438077E9}.Release|Any CPU.ActiveCfg = Release|Any CPU
		{754EA6B6-C992-4FAA-9C02-193B438077E9}.Release|Any CPU.Build.0 = Release|Any CPU
	EndGlobalSection
	GlobalSection(SolutionProperties) = preSolution
		HideSolutionNode = FALSE
	EndGlobalSection
	GlobalSection(ExtensibilityGlobals) = postSolution
		SolutionGuid = {81B0EA38-8CB3-47A8-8493-FDE568E5ECD6}
	EndGlobalSection
EndGlobal
